
Microsoft Visual Studio Solution File, Format Version 12.00
# Visual Studio 15
VisualStudioVersion = 15.0.27703.2026
MinimumVisualStudioVersion = 10.0.40219.1
Project("{FAE04EC0-301F-11D3-BF4B-00C04F79EFBC}") = "Week5Challenge", "Week5Challenge\Week5Challenge.csproj", "{450D709E-175C-48D4-9AF3-6558CEB0AC07}"
EndProject
Project("{FAE04EC0-301F-11D3-BF4B-00C04F79EFBC}") = "PerformanceCounterDashboard", "PerformanceCounterDashboard\PerformanceCounterDashboard.csproj", "{FFE673F2-450D-4349-A9EB-79F3E5F9E16F}"
EndProject
Project("{FAE04EC0-301F-11D3-BF4B-00C04F79EFBC}") = "UsagesPublisher", "UsagesPublisher\UsagesPublisher.csproj", "{C5240A78-6652-45F9-A25A-7E6FE39859FF}"
EndProject
Project("{FAE04EC0-301F-11D3-BF4B-00C04F79EFBC}") = "UnitTestProject", "UnitTestProject\UnitTestProject.csproj", "{89E98D75-DF26-4E52-B8D5-02B29E70C392}"
EndProject
Global
	GlobalSection(SolutionConfigurationPlatforms) = preSolution
		Debug|Any CPU = Debug|Any CPU
		Release|Any CPU = Release|Any CPU
	EndGlobalSection
	GlobalSection(ProjectConfigurationPlatforms) = postSolution
		{450D709E-175C-48D4-9AF3-6558CEB0AC07}.Debug|Any CPU.ActiveCfg = Debug|Any CPU
		{450D709E-175C-48D4-9AF3-6558CEB0AC07}.Debug|Any CPU.Build.0 = Debug|Any CPU
		{450D709E-175C-48D4-9AF3-6558CEB0AC07}.Release|Any CPU.ActiveCfg = Release|Any CPU
		{450D709E-175C-48D4-9AF3-6558CEB0AC07}.Release|Any CPU.Build.0 = Release|Any CPU
		{FFE673F2-450D-4349-A9EB-79F3E5F9E16F}.Debug|Any CPU.ActiveCfg = Debug|Any CPU
		{FFE673F2-450D-4349-A9EB-79F3E5F9E16F}.Debug|Any CPU.Build.0 = Debug|Any CPU
		{FFE673F2-450D-4349-A9EB-79F3E5F9E16F}.Release|Any CPU.ActiveCfg = Release|Any CPU
		{FFE673F2-450D-4349-A9EB-79F3E5F9E16F}.Release|Any CPU.Build.0 = Release|Any CPU
		{C5240A78-6652-45F9-A25A-7E6FE39859FF}.Debug|Any CPU.ActiveCfg = Debug|Any CPU
		{C5240A78-6652-45F9-A25A-7E6FE39859FF}.Debug|Any CPU.Build.0 = Debug|Any CPU
		{C5240A78-6652-45F9-A25A-7E6FE39859FF}.Release|Any CPU.ActiveCfg = Release|Any CPU
		{C5240A78-6652-45F9-A25A-7E6FE39859FF}.Release|Any CPU.Build.0 = Release|Any CPU
		{89E98D75-DF26-4E52-B8D5-02B29E70C392}.Debug|Any CPU.ActiveCfg = Debug|Any CPU
		{89E98D75-DF26-4E52-B8D5-02B29E70C392}.Debug|Any CPU.Build.0 = Debug|Any CPU
		{89E98D75-DF26-4E52-B8D5-02B29E70C392}.Release|Any CPU.ActiveCfg = Release|Any CPU
		{89E98D75-DF26-4E52-B8D5-02B29E70C392}.Release|Any CPU.Build.0 = Release|Any CPU
	EndGlobalSection
	GlobalSection(SolutionProperties) = preSolution
		HideSolutionNode = FALSE
	EndGlobalSection
	GlobalSection(ExtensibilityGlobals) = postSolution
		SolutionGuid = {62B1490F-F4D8-4534-B619-549FBEE6CE67}
	EndGlobalSection
EndGlobal
